
Microsoft Visual Studio Solution File, Format Version 12.00
# Visual Studio 14
VisualStudioVersion = 14.0.23107.0
MinimumVisualStudioVersion = 10.0.40219.1
Project("{FAE04EC0-301F-11D3-BF4B-00C04F79EFBC}") = "SensorTag", "SensorTag\SensorTag.csproj", "{75E5DCE6-8B90-4358-8D6D-0398550C2A0B}"
EndProject
Project("{FAE04EC0-301F-11D3-BF4B-00C04F79EFBC}") = "SensorTagLibrary", "SensorTagLibrary\SensorTagLibrary.csproj", "{702DF202-1CFE-456D-9DF9-5E4E4DAA02A4}"
EndProject
Project("{FAE04EC0-301F-11D3-BF4B-00C04F79EFBC}") = "SensorTag.Windows", "SensorTag.Windows\SensorTag.Windows.csproj", "{B6C91496-F435-49C2-A851-4C8E8D780823}"
EndProject
Project("{FAE04EC0-301F-11D3-BF4B-00C04F79EFBC}") = "SharedControls", "SharedControls\SharedControls.csproj", "{F22119A4-141D-426E-8653-E41599E03099}"
EndProject
Project("{FAE04EC0-301F-11D3-BF4B-00C04F79EFBC}") = "SensorTag.Universal", "SensorTag.Universal\SensorTag.Universal.csproj", "{112EB324-9A8B-42B1-AFCD-21B4DFC35727}"
EndProject
Global
	GlobalSection(SolutionConfigurationPlatforms) = preSolution
		Debug|Any CPU = Debug|Any CPU
		Debug|ARM = Debug|ARM
		Debug|Mixed Platforms = Debug|Mixed Platforms
		Debug|Win32 = Debug|Win32
		Debug|x64 = Debug|x64
		Debug|x86 = Debug|x86
		Release|Any CPU = Release|Any CPU
		Release|ARM = Release|ARM
		Release|Mixed Platforms = Release|Mixed Platforms
		Release|Win32 = Release|Win32
		Release|x64 = Release|x64
		Release|x86 = Release|x86
	EndGlobalSection
	GlobalSection(ProjectConfigurationPlatforms) = postSolution
		{75E5DCE6-8B90-4358-8D6D-0398550C2A0B}.Debug|Any CPU.ActiveCfg = Debug|Any CPU
		{75E5DCE6-8B90-4358-8D6D-0398550C2A0B}.Debug|Any CPU.Build.0 = Debug|Any CPU
		{75E5DCE6-8B90-4358-8D6D-0398550C2A0B}.Debug|Any CPU.Deploy.0 = Debug|Any CPU
		{75E5DCE6-8B90-4358-8D6D-0398550C2A0B}.Debug|ARM.ActiveCfg = Debug|ARM
		{75E5DCE6-8B90-4358-8D6D-0398550C2A0B}.Debug|ARM.Build.0 = Debug|ARM
		{75E5DCE6-8B90-4358-8D6D-0398550C2A0B}.Debug|ARM.Deploy.0 = Debug|ARM
		{75E5DCE6-8B90-4358-8D6D-0398550C2A0B}.Debug|Mixed Platforms.ActiveCfg = Debug|x86
		{75E5DCE6-8B90-4358-8D6D-0398550C2A0B}.Debug|Mixed Platforms.Build.0 = Debug|x86
		{75E5DCE6-8B90-4358-8D6D-0398550C2A0B}.Debug|Mixed Platforms.Deploy.0 = Debug|x86
		{75E5DCE6-8B90-4358-8D6D-0398550C2A0B}.Debug|Win32.ActiveCfg = Debug|x86
		{75E5DCE6-8B90-4358-8D6D-0398550C2A0B}.Debug|Win32.Build.0 = Debug|x86
		{75E5DCE6-8B90-4358-8D6D-0398550C2A0B}.Debug|Win32.Deploy.0 = Debug|x86
		{75E5DCE6-8B90-4358-8D6D-0398550C2A0B}.Debug|x64.ActiveCfg = Debug|Any CPU
		{75E5DCE6-8B90-4358-8D6D-0398550C2A0B}.Debug|x86.ActiveCfg = Debug|x86
		{75E5DCE6-8B90-4358-8D6D-0398550C2A0B}.Debug|x86.Build.0 = Debug|x86
		{75E5DCE6-8B90-4358-8D6D-0398550C2A0B}.Debug|x86.Deploy.0 = Debug|x86
		{75E5DCE6-8B90-4358-8D6D-0398550C2A0B}.Release|Any CPU.ActiveCfg = Release|Any CPU
		{75E5DCE6-8B90-4358-8D6D-0398550C2A0B}.Release|Any CPU.Build.0 = Release|Any CPU
		{75E5DCE6-8B90-4358-8D6D-0398550C2A0B}.Release|Any CPU.Deploy.0 = Release|Any CPU
		{75E5DCE6-8B90-4358-8D6D-0398550C2A0B}.Release|ARM.ActiveCfg = Release|ARM
		{75E5DCE6-8B90-4358-8D6D-0398550C2A0B}.Release|ARM.Build.0 = Release|ARM
		{75E5DCE6-8B90-4358-8D6D-0398550C2A0B}.Release|ARM.Deploy.0 = Release|ARM
		{75E5DCE6-8B90-4358-8D6D-0398550C2A0B}.Release|Mixed Platforms.ActiveCfg = Release|x86
		{75E5DCE6-8B90-4358-8D6D-0398550C2A0B}.Release|Mixed Platforms.Build.0 = Release|x86
		{75E5DCE6-8B90-4358-8D6D-0398550C2A0B}.Release|Mixed Platforms.Deploy.0 = Release|x86
		{75E5DCE6-8B90-4358-8D6D-0398550C2A0B}.Release|Win32.ActiveCfg = Release|x86
		{75E5DCE6-8B90-4358-8D6D-0398550C2A0B}.Release|Win32.Build.0 = Release|x86
		{75E5DCE6-8B90-4358-8D6D-0398550C2A0B}.Release|Win32.Deploy.0 = Release|x86
		{75E5DCE6-8B90-4358-8D6D-0398550C2A0B}.Release|x64.ActiveCfg = Release|Any CPU
		{75E5DCE6-8B90-4358-8D6D-0398550C2A0B}.Release|x86.ActiveCfg = Release|x86
		{75E5DCE6-8B90-4358-8D6D-0398550C2A0B}.Release|x86.Build.0 = Release|x86
		{75E5DCE6-8B90-4358-8D6D-0398550C2A0B}.Release|x86.Deploy.0 = Release|x86
		{702DF202-1CFE-456D-9DF9-5E4E4DAA02A4}.Debug|Any CPU.ActiveCfg = Debug|Any CPU
		{702DF202-1CFE-456D-9DF9-5E4E4DAA02A4}.Debug|Any CPU.Build.0 = Debug|Any CPU
		{702DF202-1CFE-456D-9DF9-5E4E4DAA02A4}.Debug|ARM.ActiveCfg = Debug|Any CPU
		{702DF202-1CFE-456D-9DF9-5E4E4DAA02A4}.Debug|Mixed Platforms.ActiveCfg = Debug|Any CPU
		{702DF202-1CFE-456D-9DF9-5E4E4DAA02A4}.Debug|Mixed Platforms.Build.0 = Debug|Any CPU
		{702DF202-1CFE-456D-9DF9-5E4E4DAA02A4}.Debug|Win32.ActiveCfg = Debug|Any CPU
		{702DF202-1CFE-456D-9DF9-5E4E4DAA02A4}.Debug|x64.ActiveCfg = Debug|Any CPU
		{702DF202-1CFE-456D-9DF9-5E4E4DAA02A4}.Debug|x86.ActiveCfg = Debug|Any CPU
		{702DF202-1CFE-456D-9DF9-5E4E4DAA02A4}.Release|Any CPU.ActiveCfg = Release|Any CPU
		{702DF202-1CFE-456D-9DF9-5E4E4DAA02A4}.Release|Any CPU.Build.0 = Release|Any CPU
		{702DF202-1CFE-456D-9DF9-5E4E4DAA02A4}.Release|ARM.ActiveCfg = Release|Any CPU
		{702DF202-1CFE-456D-9DF9-5E4E4DAA02A4}.Release|Mixed Platforms.ActiveCfg = Release|Any CPU
		{702DF202-1CFE-456D-9DF9-5E4E4DAA02A4}.Release|Mixed Platforms.Build.0 = Release|Any CPU
		{702DF202-1CFE-456D-9DF9-5E4E4DAA02A4}.Release|Win32.ActiveCfg = Release|Any CPU
		{702DF202-1CFE-456D-9DF9-5E4E4DAA02A4}.Release|x64.ActiveCfg = Release|Any CPU
		{702DF202-1CFE-456D-9DF9-5E4E4DAA02A4}.Release|x86.ActiveCfg = Release|Any CPU
		{B6C91496-F435-49C2-A851-4C8E8D780823}.Debug|Any CPU.ActiveCfg = Debug|Any CPU
		{B6C91496-F435-49C2-A851-4C8E8D780823}.Debug|Any CPU.Build.0 = Debug|Any CPU
		{B6C91496-F435-49C2-A851-4C8E8D780823}.Debug|Any CPU.Deploy.0 = Debug|Any CPU
		{B6C91496-F435-49C2-A851-4C8E8D780823}.Debug|ARM.ActiveCfg = Debug|ARM
		{B6C91496-F435-49C2-A851-4C8E8D780823}.Debug|ARM.Build.0 = Debug|ARM
		{B6C91496-F435-49C2-A851-4C8E8D780823}.Debug|ARM.Deploy.0 = Debug|ARM
		{B6C91496-F435-49C2-A851-4C8E8D780823}.Debug|Mixed Platforms.ActiveCfg = Debug|x86
		{B6C91496-F435-49C2-A851-4C8E8D780823}.Debug|Mixed Platforms.Build.0 = Debug|x86
		{B6C91496-F435-49C2-A851-4C8E8D780823}.Debug|Mixed Platforms.Deploy.0 = Debug|x86
		{B6C91496-F435-49C2-A851-4C8E8D780823}.Debug|Win32.ActiveCfg = Debug|x86
		{B6C91496-F435-49C2-A851-4C8E8D780823}.Debug|Win32.Build.0 = Debug|x86
		{B6C91496-F435-49C2-A851-4C8E8D780823}.Debug|Win32.Deploy.0 = Debug|x86
		{B6C91496-F435-49C2-A851-4C8E8D780823}.Debug|x64.ActiveCfg = Debug|x64
		{B6C91496-F435-49C2-A851-4C8E8D780823}.Debug|x64.Build.0 = Debug|x64
		{B6C91496-F435-49C2-A851-4C8E8D780823}.Debug|x64.Deploy.0 = Debug|x64
		{B6C91496-F435-49C2-A851-4C8E8D780823}.Debug|x86.ActiveCfg = Debug|x86
		{B6C91496-F435-49C2-A851-4C8E8D780823}.Debug|x86.Build.0 = Debug|x86
		{B6C91496-F435-49C2-A851-4C8E8D780823}.Debug|x86.Deploy.0 = Debug|x86
		{B6C91496-F435-49C2-A851-4C8E8D780823}.Release|Any CPU.ActiveCfg = Release|Any CPU
		{B6C91496-F435-49C2-A851-4C8E8D780823}.Release|Any CPU.Build.0 = Release|Any CPU
		{B6C91496-F435-49C2-A851-4C8E8D780823}.Release|Any CPU.Deploy.0 = Release|Any CPU
		{B6C91496-F435-49C2-A851-4C8E8D780823}.Release|ARM.ActiveCfg = Release|ARM
		{B6C91496-F435-49C2-A851-4C8E8D780823}.Release|ARM.Build.0 = Release|ARM
		{B6C91496-F435-49C2-A851-4C8E8D780823}.Release|ARM.Deploy.0 = Release|ARM
		{B6C91496-F435-49C2-A851-4C8E8D780823}.Release|Mixed Platforms.ActiveCfg = Release|x86
		{B6C91496-F435-49C2-A851-4C8E8D780823}.Release|Mixed Platforms.Build.0 = Release|x86
		{B6C91496-F435-49C2-A851-4C8E8D780823}.Release|Mixed Platforms.Deploy.0 = Release|x86
		{B6C91496-F435-49C2-A851-4C8E8D780823}.Release|Win32.ActiveCfg = Release|x86
		{B6C91496-F435-49C2-A851-4C8E8D780823}.Release|Win32.Build.0 = Release|x86
		{B6C91496-F435-49C2-A851-4C8E8D780823}.Release|Win32.Deploy.0 = Release|x86
		{B6C91496-F435-49C2-A851-4C8E8D780823}.Release|x64.ActiveCfg = Release|x64
		{B6C91496-F435-49C2-A851-4C8E8D780823}.Release|x64.Build.0 = Release|x64
		{B6C91496-F435-49C2-A851-4C8E8D780823}.Release|x64.Deploy.0 = Release|x64
		{B6C91496-F435-49C2-A851-4C8E8D780823}.Release|x86.ActiveCfg = Release|x86
		{B6C91496-F435-49C2-A851-4C8E8D780823}.Release|x86.Build.0 = Release|x86
		{B6C91496-F435-49C2-A851-4C8E8D780823}.Release|x86.Deploy.0 = Release|x86
		{F22119A4-141D-426E-8653-E41599E03099}.Debug|Any CPU.ActiveCfg = Debug|Any CPU
		{F22119A4-141D-426E-8653-E41599E03099}.Debug|Any CPU.Build.0 = Debug|Any CPU
		{F22119A4-141D-426E-8653-E41599E03099}.Debug|ARM.ActiveCfg = Debug|Any CPU
		{F22119A4-141D-426E-8653-E41599E03099}.Debug|Mixed Platforms.ActiveCfg = Debug|Any CPU
		{F22119A4-141D-426E-8653-E41599E03099}.Debug|Mixed Platforms.Build.0 = Debug|Any CPU
		{F22119A4-141D-426E-8653-E41599E03099}.Debug|Win32.ActiveCfg = Debug|Any CPU
		{F22119A4-141D-426E-8653-E41599E03099}.Debug|x64.ActiveCfg = Debug|Any CPU
		{F22119A4-141D-426E-8653-E41599E03099}.Debug|x86.ActiveCfg = Debug|Any CPU
		{F22119A4-141D-426E-8653-E41599E03099}.Release|Any CPU.ActiveCfg = Release|Any CPU
		{F22119A4-141D-426E-8653-E41599E03099}.Release|Any CPU.Build.0 = Release|Any CPU
		{F22119A4-141D-426E-8653-E41599E03099}.Release|ARM.ActiveCfg = Release|Any CPU
		{F22119A4-141D-426E-8653-E41599E03099}.Release|Mixed Platforms.ActiveCfg = Release|Any CPU
		{F22119A4-141D-426E-8653-E41599E03099}.Release|Mixed Platforms.Build.0 = Release|Any CPU
		{F22119A4-141D-426E-8653-E41599E03099}.Release|Win32.ActiveCfg = Release|Any CPU
		{F22119A4-141D-426E-8653-E41599E03099}.Release|x64.ActiveCfg = Release|Any CPU
		{F22119A4-141D-426E-8653-E41599E03099}.Release|x86.ActiveCfg = Release|Any CPU
		{112EB324-9A8B-42B1-AFCD-21B4DFC35727}.Debug|Any CPU.ActiveCfg = Debug|x86
		{112EB324-9A8B-42B1-AFCD-21B4DFC35727}.Debug|ARM.ActiveCfg = Debug|ARM
		{112EB324-9A8B-42B1-AFCD-21B4DFC35727}.Debug|ARM.Build.0 = Debug|ARM
		{112EB324-9A8B-42B1-AFCD-21B4DFC35727}.Debug|ARM.Deploy.0 = Debug|ARM
		{112EB324-9A8B-42B1-AFCD-21B4DFC35727}.Debug|Mixed Platforms.ActiveCfg = Debug|x86
		{112EB324-9A8B-42B1-AFCD-21B4DFC35727}.Debug|Mixed Platforms.Build.0 = Debug|x86
		{112EB324-9A8B-42B1-AFCD-21B4DFC35727}.Debug|Mixed Platforms.Deploy.0 = Debug|x86
		{112EB324-9A8B-42B1-AFCD-21B4DFC35727}.Debug|Win32.ActiveCfg = Debug|x86
		{112EB324-9A8B-42B1-AFCD-21B4DFC35727}.Debug|Win32.Build.0 = Debug|x86
		{112EB324-9A8B-42B1-AFCD-21B4DFC35727}.Debug|Win32.Deploy.0 = Debug|x86
		{112EB324-9A8B-42B1-AFCD-21B4DFC35727}.Debug|x64.ActiveCfg = Debug|x64
		{112EB324-9A8B-42B1-AFCD-21B4DFC35727}.Debug|x64.Build.0 = Debug|x64
		{112EB324-9A8B-42B1-AFCD-21B4DFC35727}.Debug|x64.Deploy.0 = Debug|x64
		{112EB324-9A8B-42B1-AFCD-21B4DFC35727}.Debug|x86.ActiveCfg = Debug|x86
		{112EB324-9A8B-42B1-AFCD-21B4DFC35727}.Debug|x86.Build.0 = Debug|x86
		{112EB324-9A8B-42B1-AFCD-21B4DFC35727}.Debug|x86.Deploy.0 = Debug|x86
		{112EB324-9A8B-42B1-AFCD-21B4DFC35727}.Release|Any CPU.ActiveCfg = Release|x86
		{112EB324-9A8B-42B1-AFCD-21B4DFC35727}.Release|ARM.ActiveCfg = Release|ARM
		{112EB324-9A8B-42B1-AFCD-21B4DFC35727}.Release|ARM.Build.0 = Release|ARM
		{112EB324-9A8B-42B1-AFCD-21B4DFC35727}.Release|ARM.Deploy.0 = Release|ARM
		{112EB324-9A8B-42B1-AFCD-21B4DFC35727}.Release|Mixed Platforms.ActiveCfg = Release|x86
		{112EB324-9A8B-42B1-AFCD-21B4DFC35727}.Release|Mixed Platforms.Build.0 = Release|x86
		{112EB324-9A8B-42B1-AFCD-21B4DFC35727}.Release|Mixed Platforms.Deploy.0 = Release|x86
		{112EB324-9A8B-42B1-AFCD-21B4DFC35727}.Release|Win32.ActiveCfg = Release|x86
		{112EB324-9A8B-42B1-AFCD-21B4DFC35727}.Release|Win32.Build.0 = Release|x86
		{112EB324-9A8B-42B1-AFCD-21B4DFC35727}.Release|Win32.Deploy.0 = Release|x86
		{112EB324-9A8B-42B1-AFCD-21B4DFC35727}.Release|x64.ActiveCfg = Release|x64
		{112EB324-9A8B-42B1-AFCD-21B4DFC35727}.Release|x64.Build.0 = Release|x64
		{112EB324-9A8B-42B1-AFCD-21B4DFC35727}.Release|x64.Deploy.0 = Release|x64
		{112EB324-9A8B-42B1-AFCD-21B4DFC35727}.Release|x86.ActiveCfg = Release|x86
		{112EB324-9A8B-42B1-AFCD-21B4DFC35727}.Release|x86.Build.0 = Release|x86
		{112EB324-9A8B-42B1-AFCD-21B4DFC35727}.Release|x86.Deploy.0 = Release|x86
	EndGlobalSection
	GlobalSection(SolutionProperties) = preSolution
		HideSolutionNode = FALSE
	EndGlobalSection
EndGlobal
